
Microsoft Visual Studio Solution File, Format Version 12.00
# Visual Studio Version 17
VisualStudioVersion = 17.2.32526.322
MinimumVisualStudioVersion = 10.0.40219.1
Project("{FAE04EC0-301F-11D3-BF4B-00C04F79EFBC}") = "ConsoleApp1", "ConsoleApp1\ConsoleApp1.csproj", "{2AFEDE80-A875-4F1D-AA1B-2A163162EEE1}"
EndProject
Global
	GlobalSection(SolutionConfigurationPlatforms) = preSolution
		Debug|Any CPU = Debug|Any CPU
		Release|Any CPU = Release|Any CPU
	EndGlobalSection
	GlobalSection(ProjectConfigurationPlatforms) = postSolution
		{2AFEDE80-A875-4F1D-AA1B-2A163162EEE1}.Debug|Any CPU.ActiveCfg = Debug|Any CPU
		{2AFEDE80-A875-4F1D-AA1B-2A163162EEE1}.Debug|Any CPU.Build.0 = Debug|Any CPU
		{2AFEDE80-A875-4F1D-AA1B-2A163162EEE1}.Release|Any CPU.ActiveCfg = Release|Any CPU
		{2AFEDE80-A875-4F1D-AA1B-2A163162EEE1}.Release|Any CPU.Build.0 = Release|Any CPU
	EndGlobalSection
	GlobalSection(SolutionProperties) = preSolution
		HideSolutionNode = FALSE
	EndGlobalSection
	GlobalSection(ExtensibilityGlobals) = postSolution
		SolutionGuid = {9972D158-C6ED-43A5-AEB6-2BC21C25C092}
	EndGlobalSection
EndGlobal
